
Microsoft Visual Studio Solution File, Format Version 12.00
Project("{FAE04EC0-301F-11D3-BF4B-00C04F79EFBC}") = "AdoNet.Metanit", "AdoNet.Metanit\AdoNet.Metanit.csproj", "{6BAA08E6-5EF9-443C-8056-7F6E6B21CA49}"
EndProject
Project("{2150E333-8FDC-42A3-9474-1A3956D46DE8}") = "Chapter_2", "Chapter_2", "{7D0D9974-0CA4-423E-892E-DF5C33F04A49}"
EndProject
Project("{2150E333-8FDC-42A3-9474-1A3956D46DE8}") = "Theme_1", "Theme_1", "{E3FF3F15-D210-4315-BBB5-75DF97E256C3}"
EndProject
Project("{2150E333-8FDC-42A3-9474-1A3956D46DE8}") = "Theme_2", "Theme_2", "{DB1591B9-7E99-4B70-8C3A-1E4D0D8A5E93}"
EndProject
Project("{FAE04EC0-301F-11D3-BF4B-00C04F79EFBC}") = "Example_1-1", "Example_1-1\Example_1-1.csproj", "{AD4E859A-84F5-4F3E-8C33-A88E976DB4BF}"
EndProject
Project("{FAE04EC0-301F-11D3-BF4B-00C04F79EFBC}") = "Example_2-1", "Example_2-1\Example_2-1.csproj", "{DA60946D-A7D0-4C69-AD83-A43C61358948}"
EndProject
Project("{2150E333-8FDC-42A3-9474-1A3956D46DE8}") = "Theme_3", "Theme_3", "{7A0511C1-B1EC-414B-B296-D405408FA81C}"
EndProject
Project("{FAE04EC0-301F-11D3-BF4B-00C04F79EFBC}") = "Example_3-1", "Example_3-1\Example_3-1.csproj", "{E526F341-BE4F-4190-AD05-4C660C520D39}"
EndProject
Project("{FAE04EC0-301F-11D3-BF4B-00C04F79EFBC}") = "Example_3-2", "Example_3-2\Example_3-2.csproj", "{B7B0C109-5EBC-4482-B98F-701A50CCFEE7}"
EndProject
Project("{FAE04EC0-301F-11D3-BF4B-00C04F79EFBC}") = "Example_3-3", "Example_3-3\Example_3-3.csproj", "{D114D216-AFD9-4E32-B49F-7CB1C6F17B32}"
EndProject
Project("{FAE04EC0-301F-11D3-BF4B-00C04F79EFBC}") = "Example_3-4", "Example_3-4\Example_3-4.csproj", "{227A19D8-68FE-41C6-808C-62C5E1EA5E5E}"
EndProject
Project("{2150E333-8FDC-42A3-9474-1A3956D46DE8}") = "Theme_4", "Theme_4", "{C24B86BA-8452-4A39-B47F-FA9FD5FA58F4}"
EndProject
Project("{FAE04EC0-301F-11D3-BF4B-00C04F79EFBC}") = "Example_4-1", "Example_4-1\Example_4-1.csproj", "{746D52AF-17BE-4823-96C4-C8BF308AE3AC}"
EndProject
Project("{FAE04EC0-301F-11D3-BF4B-00C04F79EFBC}") = "Example_4-2", "Example_4-2\Example_4-2.csproj", "{CDD12C79-16A4-466A-89D5-20BBFB6FEDE3}"
EndProject
Project("{2150E333-8FDC-42A3-9474-1A3956D46DE8}") = "Theme_5", "Theme_5", "{A83B8715-ED33-4B8B-BCC2-9DCCE456B858}"
EndProject
Project("{FAE04EC0-301F-11D3-BF4B-00C04F79EFBC}") = "Example_5-1", "Example_5-1\Example_5-1.csproj", "{5B642B51-93E7-4EF7-9245-E7DD14A702A1}"
EndProject
Project("{FAE04EC0-301F-11D3-BF4B-00C04F79EFBC}") = "Example_5-2", "Example_5-2\Example_5-2.csproj", "{95C8F7B7-E41F-4CBA-8CAF-9DE8480EE809}"
EndProject
Project("{FAE04EC0-301F-11D3-BF4B-00C04F79EFBC}") = "Example_5-3", "Example_5-3\Example_5-3.csproj", "{56371E69-2242-4551-94EB-A1DE43BE9B5F}"
EndProject
Project("{FAE04EC0-301F-11D3-BF4B-00C04F79EFBC}") = "Example_5-4", "Example_5-4\Example_5-4.csproj", "{E2570929-3F6C-471B-AA76-93125B6AEF8F}"
EndProject
Project("{FAE04EC0-301F-11D3-BF4B-00C04F79EFBC}") = "Example_5-5", "Example_5-5\Example_5-5.csproj", "{249727AF-A029-430C-BE33-0CF88FDE5A92}"
EndProject
Project("{FAE04EC0-301F-11D3-BF4B-00C04F79EFBC}") = "Example_5-6", "Example_5-6\Example_5-6.csproj", "{83913D98-0F49-46E7-87FD-5AA06E3D2B63}"
EndProject
Project("{2150E333-8FDC-42A3-9474-1A3956D46DE8}") = "Theme_6", "Theme_6", "{9F2B7054-11C8-4F9A-8ABD-109C918D1442}"
EndProject
Project("{FAE04EC0-301F-11D3-BF4B-00C04F79EFBC}") = "Example_6-1", "Example_6-1\Example_6-1.csproj", "{DDE891FD-11E2-45E6-AD0F-4775E7832078}"
EndProject
Project("{FAE04EC0-301F-11D3-BF4B-00C04F79EFBC}") = "Example_6-2", "Example_6-2\Example_6-2.csproj", "{4C79EB0E-94E0-4E4F-A18F-4ACCBD752A41}"
EndProject
Project("{2150E333-8FDC-42A3-9474-1A3956D46DE8}") = "Theme_7", "Theme_7", "{3FD39E7B-D5DE-4EF7-9FC6-8527C7F06FA6}"
EndProject
Project("{FAE04EC0-301F-11D3-BF4B-00C04F79EFBC}") = "Example_7-1", "Example_7-1\Example_7-1.csproj", "{D7BA1866-98D8-461B-920E-33580E107543}"
EndProject
Project("{2150E333-8FDC-42A3-9474-1A3956D46DE8}") = "Theme_8", "Theme_8", "{94F89219-6EB2-4A24-A1CD-7FDD65A17DC3}"
EndProject
Project("{FAE04EC0-301F-11D3-BF4B-00C04F79EFBC}") = "Example_8-1", "Example_8-1\Example_8-1.csproj", "{8E4D4097-EBA8-4493-B27A-1FBE91EB1275}"
EndProject
Project("{2150E333-8FDC-42A3-9474-1A3956D46DE8}") = "Theme_9", "Theme_9", "{04543777-E3FF-4758-9D8A-DF5A2610BF94}"
EndProject
Project("{FAE04EC0-301F-11D3-BF4B-00C04F79EFBC}") = "Example_9-1", "Example_9-1\Example_9-1.csproj", "{FDEA1BE9-22C4-4B57-90E5-2BE99BC52AD9}"
EndProject
Project("{2150E333-8FDC-42A3-9474-1A3956D46DE8}") = "Theme_10", "Theme_10", "{D363AF2B-9BD7-4772-9AB1-E6B817A66E46}"
EndProject
Project("{2150E333-8FDC-42A3-9474-1A3956D46DE8}") = "Theme_11", "Theme_11", "{51123A3E-6A86-4154-B3EA-739B0CB77E11}"
EndProject
Project("{2150E333-8FDC-42A3-9474-1A3956D46DE8}") = "Theme_12", "Theme_12", "{3F6F88E4-6852-46C5-89E1-2DAC9AA59C6E}"
EndProject
Project("{2150E333-8FDC-42A3-9474-1A3956D46DE8}") = "Theme_13", "Theme_13", "{557DFFE2-5E34-4477-AD90-55BD236BF1F1}"
EndProject
Project("{FAE04EC0-301F-11D3-BF4B-00C04F79EFBC}") = "Example_10-1", "Example_10-1\Example_10-1.csproj", "{984774A8-5D76-41F0-B67F-FF5687F75DB9}"
EndProject
Project("{FAE04EC0-301F-11D3-BF4B-00C04F79EFBC}") = "Example_11-1", "Example_11-1\Example_11-1.csproj", "{35089B74-B929-4950-9C2E-411C45AD9DE1}"
EndProject
Project("{FAE04EC0-301F-11D3-BF4B-00C04F79EFBC}") = "Example_12-1", "Example_12-1\Example_12-1.csproj", "{A213C7D9-3E2E-4106-AE7D-484B3B01D751}"
EndProject
Project("{FAE04EC0-301F-11D3-BF4B-00C04F79EFBC}") = "Example_13-1", "Example_13-1\Example_13-1.csproj", "{55AED194-9D18-49A0-BFF2-4FE0B803A0E2}"
EndProject
Project("{2150E333-8FDC-42A3-9474-1A3956D46DE8}") = "Theme_14", "Theme_14", "{A914734C-EEBC-48EC-9229-3FBC1D430F01}"
EndProject
Project("{FAE04EC0-301F-11D3-BF4B-00C04F79EFBC}") = "Example_14-1", "Example_14-1\Example_14-1.csproj", "{E8401460-42A6-4C45-B03C-8AB616CB6765}"
EndProject
Project("{2150E333-8FDC-42A3-9474-1A3956D46DE8}") = "Chapter_3", "Chapter_3", "{DED4AB74-526E-4D6B-824F-00A3A7D32AC1}"
EndProject
Project("{2150E333-8FDC-42A3-9474-1A3956D46DE8}") = "Theme_1", "Theme_1", "{FC945E9E-A41E-4ADB-951E-9FA38E241C87}"
EndProject
Project("{FAE04EC0-301F-11D3-BF4B-00C04F79EFBC}") = "Example_1.1", "Example_1.1\Example_1.1.csproj", "{6A87B9AA-5C08-4331-99D5-D274DF35666A}"
EndProject
Project("{2150E333-8FDC-42A3-9474-1A3956D46DE8}") = "Theme_2", "Theme_2", "{30EB47F3-9B01-4B68-ABDB-6A474FA29EF2}"
EndProject
Project("{FAE04EC0-301F-11D3-BF4B-00C04F79EFBC}") = "Example_2.1", "Example_2.1\Example_2.1.csproj", "{9CFA3192-1447-47B4-8015-69731F95C80B}"
EndProject
Project("{2150E333-8FDC-42A3-9474-1A3956D46DE8}") = "Theme_3", "Theme_3", "{6FBC17B4-4E21-4A55-A11C-139B40E09F25}"
EndProject
Project("{FAE04EC0-301F-11D3-BF4B-00C04F79EFBC}") = "Example_3.1", "Example_3.1\Example_3.1.csproj", "{1251B6CE-6D11-40CA-AF2A-F0734C8F7038}"
EndProject
Project("{2150E333-8FDC-42A3-9474-1A3956D46DE8}") = "Theme_4", "Theme_4", "{F451C476-3ED5-4A36-89BC-4635EA752657}"
EndProject
Project("{FAE04EC0-301F-11D3-BF4B-00C04F79EFBC}") = "Example_4.1", "Example_4.1\Example_4.1.csproj", "{D84D1622-BB87-4ADD-A1E2-19B4F3D09521}"
EndProject
Project("{2150E333-8FDC-42A3-9474-1A3956D46DE8}") = "Theme_5", "Theme_5", "{6F9DE3D4-1A4B-489C-9BDB-D7A13CE5D2A4}"
EndProject
Project("{FAE04EC0-301F-11D3-BF4B-00C04F79EFBC}") = "Example_5.1", "Example_5.1\Example_5.1.csproj", "{E033ACDD-4127-460A-B8E6-48CD9AEB402C}"
EndProject
Project("{FAE04EC0-301F-11D3-BF4B-00C04F79EFBC}") = "Example_5.2", "Example_5.2\Example_5.2.csproj", "{9F993C66-E8FB-46B1-A1CD-DC5E29D07F93}"
EndProject
Project("{2150E333-8FDC-42A3-9474-1A3956D46DE8}") = "Theme_6", "Theme_6", "{14C1D017-4873-4120-B20D-F67408C61796}"
EndProject
Project("{FAE04EC0-301F-11D3-BF4B-00C04F79EFBC}") = "Example_6.1", "Example_6.1\Example_6.1.csproj", "{70B74F56-00AF-4BAE-9C0A-07B894AF5C2B}"
EndProject
Project("{2150E333-8FDC-42A3-9474-1A3956D46DE8}") = "Theme_7", "Theme_7", "{A0590147-4660-4D71-BF5A-7B16BB6B2DBD}"
EndProject
Project("{FAE04EC0-301F-11D3-BF4B-00C04F79EFBC}") = "Example_7.1", "Example_7.1\Example_7.1.csproj", "{B9AE2C1D-5A68-4EDD-A388-959B00DA8398}"
EndProject
Project("{2150E333-8FDC-42A3-9474-1A3956D46DE8}") = "Theme_8", "Theme_8", "{A2CCCDFD-B176-4B74-8B76-4B174EDD80C9}"
EndProject
Project("{FAE04EC0-301F-11D3-BF4B-00C04F79EFBC}") = "Example_8.1", "Example_8.1\Example_8.1.csproj", "{1FDDA72E-1031-4978-8D57-EC4C813DF0AC}"
EndProject
Project("{2150E333-8FDC-42A3-9474-1A3956D46DE8}") = "Chapter_4", "Chapter_4", "{44C9829D-FD1C-4FCB-80AA-0F13333DB491}"
EndProject
Project("{2150E333-8FDC-42A3-9474-1A3956D46DE8}") = "Theme_1", "Theme_1", "{8923A32C-462B-4835-A67F-04D7E0BCA13D}"
EndProject
Project("{FAE04EC0-301F-11D3-BF4B-00C04F79EFBC}") = "Example_1_1", "Example_1_1\Example_1_1.csproj", "{C38EFC9D-6179-44D6-9C95-719CB9AE50AD}"
EndProject
Project("{2150E333-8FDC-42A3-9474-1A3956D46DE8}") = "Theme_2", "Theme_2", "{55E7CB50-88C8-470E-A55F-4328D16598BF}"
EndProject
Project("{FAE04EC0-301F-11D3-BF4B-00C04F79EFBC}") = "Example_2_1", "Example_2_1\Example_2_1.csproj", "{C25CDDBD-4B2F-4E49-8E1D-F982E69C6502}"
EndProject
Project("{FAE04EC0-301F-11D3-BF4B-00C04F79EFBC}") = "Example_2_2", "Example_2_2\Example_2_2.csproj", "{43D1736E-A114-4667-875A-D8BEAEBC5206}"
EndProject
Project("{2150E333-8FDC-42A3-9474-1A3956D46DE8}") = "Theme_3", "Theme_3", "{8B89E026-D086-4474-95FC-8DA7979F3DDC}"
EndProject
Project("{FAE04EC0-301F-11D3-BF4B-00C04F79EFBC}") = "Example_3_1", "Example_3_1\Example_3_1.csproj", "{2EAC11CE-2221-4BE8-BD10-EA29796A43DD}"
EndProject
Global
	GlobalSection(SolutionConfigurationPlatforms) = preSolution
		Debug|Any CPU = Debug|Any CPU
		Release|Any CPU = Release|Any CPU
	EndGlobalSection
	GlobalSection(ProjectConfigurationPlatforms) = postSolution
		{6BAA08E6-5EF9-443C-8056-7F6E6B21CA49}.Debug|Any CPU.ActiveCfg = Debug|Any CPU
		{6BAA08E6-5EF9-443C-8056-7F6E6B21CA49}.Debug|Any CPU.Build.0 = Debug|Any CPU
		{6BAA08E6-5EF9-443C-8056-7F6E6B21CA49}.Release|Any CPU.ActiveCfg = Release|Any CPU
		{6BAA08E6-5EF9-443C-8056-7F6E6B21CA49}.Release|Any CPU.Build.0 = Release|Any CPU
		{AD4E859A-84F5-4F3E-8C33-A88E976DB4BF}.Debug|Any CPU.ActiveCfg = Debug|Any CPU
		{AD4E859A-84F5-4F3E-8C33-A88E976DB4BF}.Debug|Any CPU.Build.0 = Debug|Any CPU
		{AD4E859A-84F5-4F3E-8C33-A88E976DB4BF}.Release|Any CPU.ActiveCfg = Release|Any CPU
		{AD4E859A-84F5-4F3E-8C33-A88E976DB4BF}.Release|Any CPU.Build.0 = Release|Any CPU
		{DA60946D-A7D0-4C69-AD83-A43C61358948}.Debug|Any CPU.ActiveCfg = Debug|Any CPU
		{DA60946D-A7D0-4C69-AD83-A43C61358948}.Debug|Any CPU.Build.0 = Debug|Any CPU
		{DA60946D-A7D0-4C69-AD83-A43C61358948}.Release|Any CPU.ActiveCfg = Release|Any CPU
		{DA60946D-A7D0-4C69-AD83-A43C61358948}.Release|Any CPU.Build.0 = Release|Any CPU
		{E526F341-BE4F-4190-AD05-4C660C520D39}.Debug|Any CPU.ActiveCfg = Debug|Any CPU
		{E526F341-BE4F-4190-AD05-4C660C520D39}.Debug|Any CPU.Build.0 = Debug|Any CPU
		{E526F341-BE4F-4190-AD05-4C660C520D39}.Release|Any CPU.ActiveCfg = Release|Any CPU
		{E526F341-BE4F-4190-AD05-4C660C520D39}.Release|Any CPU.Build.0 = Release|Any CPU
		{B7B0C109-5EBC-4482-B98F-701A50CCFEE7}.Debug|Any CPU.ActiveCfg = Debug|Any CPU
		{B7B0C109-5EBC-4482-B98F-701A50CCFEE7}.Debug|Any CPU.Build.0 = Debug|Any CPU
		{B7B0C109-5EBC-4482-B98F-701A50CCFEE7}.Release|Any CPU.ActiveCfg = Release|Any CPU
		{B7B0C109-5EBC-4482-B98F-701A50CCFEE7}.Release|Any CPU.Build.0 = Release|Any CPU
		{D114D216-AFD9-4E32-B49F-7CB1C6F17B32}.Debug|Any CPU.ActiveCfg = Debug|Any CPU
		{D114D216-AFD9-4E32-B49F-7CB1C6F17B32}.Debug|Any CPU.Build.0 = Debug|Any CPU
		{D114D216-AFD9-4E32-B49F-7CB1C6F17B32}.Release|Any CPU.ActiveCfg = Release|Any CPU
		{D114D216-AFD9-4E32-B49F-7CB1C6F17B32}.Release|Any CPU.Build.0 = Release|Any CPU
		{227A19D8-68FE-41C6-808C-62C5E1EA5E5E}.Debug|Any CPU.ActiveCfg = Debug|Any CPU
		{227A19D8-68FE-41C6-808C-62C5E1EA5E5E}.Debug|Any CPU.Build.0 = Debug|Any CPU
		{227A19D8-68FE-41C6-808C-62C5E1EA5E5E}.Release|Any CPU.ActiveCfg = Release|Any CPU
		{227A19D8-68FE-41C6-808C-62C5E1EA5E5E}.Release|Any CPU.Build.0 = Release|Any CPU
		{746D52AF-17BE-4823-96C4-C8BF308AE3AC}.Debug|Any CPU.ActiveCfg = Debug|Any CPU
		{746D52AF-17BE-4823-96C4-C8BF308AE3AC}.Debug|Any CPU.Build.0 = Debug|Any CPU
		{746D52AF-17BE-4823-96C4-C8BF308AE3AC}.Release|Any CPU.ActiveCfg = Release|Any CPU
		{746D52AF-17BE-4823-96C4-C8BF308AE3AC}.Release|Any CPU.Build.0 = Release|Any CPU
		{CDD12C79-16A4-466A-89D5-20BBFB6FEDE3}.Debug|Any CPU.ActiveCfg = Debug|Any CPU
		{CDD12C79-16A4-466A-89D5-20BBFB6FEDE3}.Debug|Any CPU.Build.0 = Debug|Any CPU
		{CDD12C79-16A4-466A-89D5-20BBFB6FEDE3}.Release|Any CPU.ActiveCfg = Release|Any CPU
		{CDD12C79-16A4-466A-89D5-20BBFB6FEDE3}.Release|Any CPU.Build.0 = Release|Any CPU
		{5B642B51-93E7-4EF7-9245-E7DD14A702A1}.Debug|Any CPU.ActiveCfg = Debug|Any CPU
		{5B642B51-93E7-4EF7-9245-E7DD14A702A1}.Debug|Any CPU.Build.0 = Debug|Any CPU
		{5B642B51-93E7-4EF7-9245-E7DD14A702A1}.Release|Any CPU.ActiveCfg = Release|Any CPU
		{5B642B51-93E7-4EF7-9245-E7DD14A702A1}.Release|Any CPU.Build.0 = Release|Any CPU
		{95C8F7B7-E41F-4CBA-8CAF-9DE8480EE809}.Debug|Any CPU.ActiveCfg = Debug|Any CPU
		{95C8F7B7-E41F-4CBA-8CAF-9DE8480EE809}.Debug|Any CPU.Build.0 = Debug|Any CPU
		{95C8F7B7-E41F-4CBA-8CAF-9DE8480EE809}.Release|Any CPU.ActiveCfg = Release|Any CPU
		{95C8F7B7-E41F-4CBA-8CAF-9DE8480EE809}.Release|Any CPU.Build.0 = Release|Any CPU
		{56371E69-2242-4551-94EB-A1DE43BE9B5F}.Debug|Any CPU.ActiveCfg = Debug|Any CPU
		{56371E69-2242-4551-94EB-A1DE43BE9B5F}.Debug|Any CPU.Build.0 = Debug|Any CPU
		{56371E69-2242-4551-94EB-A1DE43BE9B5F}.Release|Any CPU.ActiveCfg = Release|Any CPU
		{56371E69-2242-4551-94EB-A1DE43BE9B5F}.Release|Any CPU.Build.0 = Release|Any CPU
		{E2570929-3F6C-471B-AA76-93125B6AEF8F}.Debug|Any CPU.ActiveCfg = Debug|Any CPU
		{E2570929-3F6C-471B-AA76-93125B6AEF8F}.Debug|Any CPU.Build.0 = Debug|Any CPU
		{E2570929-3F6C-471B-AA76-93125B6AEF8F}.Release|Any CPU.ActiveCfg = Release|Any CPU
		{E2570929-3F6C-471B-AA76-93125B6AEF8F}.Release|Any CPU.Build.0 = Release|Any CPU
		{249727AF-A029-430C-BE33-0CF88FDE5A92}.Debug|Any CPU.ActiveCfg = Debug|Any CPU
		{249727AF-A029-430C-BE33-0CF88FDE5A92}.Debug|Any CPU.Build.0 = Debug|Any CPU
		{249727AF-A029-430C-BE33-0CF88FDE5A92}.Release|Any CPU.ActiveCfg = Release|Any CPU
		{249727AF-A029-430C-BE33-0CF88FDE5A92}.Release|Any CPU.Build.0 = Release|Any CPU
		{83913D98-0F49-46E7-87FD-5AA06E3D2B63}.Debug|Any CPU.ActiveCfg = Debug|Any CPU
		{83913D98-0F49-46E7-87FD-5AA06E3D2B63}.Debug|Any CPU.Build.0 = Debug|Any CPU
		{83913D98-0F49-46E7-87FD-5AA06E3D2B63}.Release|Any CPU.ActiveCfg = Release|Any CPU
		{83913D98-0F49-46E7-87FD-5AA06E3D2B63}.Release|Any CPU.Build.0 = Release|Any CPU
		{DDE891FD-11E2-45E6-AD0F-4775E7832078}.Debug|Any CPU.ActiveCfg = Debug|Any CPU
		{DDE891FD-11E2-45E6-AD0F-4775E7832078}.Debug|Any CPU.Build.0 = Debug|Any CPU
		{DDE891FD-11E2-45E6-AD0F-4775E7832078}.Release|Any CPU.ActiveCfg = Release|Any CPU
		{DDE891FD-11E2-45E6-AD0F-4775E7832078}.Release|Any CPU.Build.0 = Release|Any CPU
		{4C79EB0E-94E0-4E4F-A18F-4ACCBD752A41}.Debug|Any CPU.ActiveCfg = Debug|Any CPU
		{4C79EB0E-94E0-4E4F-A18F-4ACCBD752A41}.Debug|Any CPU.Build.0 = Debug|Any CPU
		{4C79EB0E-94E0-4E4F-A18F-4ACCBD752A41}.Release|Any CPU.ActiveCfg = Release|Any CPU
		{4C79EB0E-94E0-4E4F-A18F-4ACCBD752A41}.Release|Any CPU.Build.0 = Release|Any CPU
		{D7BA1866-98D8-461B-920E-33580E107543}.Debug|Any CPU.ActiveCfg = Debug|Any CPU
		{D7BA1866-98D8-461B-920E-33580E107543}.Debug|Any CPU.Build.0 = Debug|Any CPU
		{D7BA1866-98D8-461B-920E-33580E107543}.Release|Any CPU.ActiveCfg = Release|Any CPU
		{D7BA1866-98D8-461B-920E-33580E107543}.Release|Any CPU.Build.0 = Release|Any CPU
		{8E4D4097-EBA8-4493-B27A-1FBE91EB1275}.Debug|Any CPU.ActiveCfg = Debug|Any CPU
		{8E4D4097-EBA8-4493-B27A-1FBE91EB1275}.Debug|Any CPU.Build.0 = Debug|Any CPU
		{8E4D4097-EBA8-4493-B27A-1FBE91EB1275}.Release|Any CPU.ActiveCfg = Release|Any CPU
		{8E4D4097-EBA8-4493-B27A-1FBE91EB1275}.Release|Any CPU.Build.0 = Release|Any CPU
		{FDEA1BE9-22C4-4B57-90E5-2BE99BC52AD9}.Debug|Any CPU.ActiveCfg = Debug|Any CPU
		{FDEA1BE9-22C4-4B57-90E5-2BE99BC52AD9}.Debug|Any CPU.Build.0 = Debug|Any CPU
		{FDEA1BE9-22C4-4B57-90E5-2BE99BC52AD9}.Release|Any CPU.ActiveCfg = Release|Any CPU
		{FDEA1BE9-22C4-4B57-90E5-2BE99BC52AD9}.Release|Any CPU.Build.0 = Release|Any CPU
		{984774A8-5D76-41F0-B67F-FF5687F75DB9}.Debug|Any CPU.ActiveCfg = Debug|Any CPU
		{984774A8-5D76-41F0-B67F-FF5687F75DB9}.Debug|Any CPU.Build.0 = Debug|Any CPU
		{984774A8-5D76-41F0-B67F-FF5687F75DB9}.Release|Any CPU.ActiveCfg = Release|Any CPU
		{984774A8-5D76-41F0-B67F-FF5687F75DB9}.Release|Any CPU.Build.0 = Release|Any CPU
		{35089B74-B929-4950-9C2E-411C45AD9DE1}.Debug|Any CPU.ActiveCfg = Debug|Any CPU
		{35089B74-B929-4950-9C2E-411C45AD9DE1}.Debug|Any CPU.Build.0 = Debug|Any CPU
		{35089B74-B929-4950-9C2E-411C45AD9DE1}.Release|Any CPU.ActiveCfg = Release|Any CPU
		{35089B74-B929-4950-9C2E-411C45AD9DE1}.Release|Any CPU.Build.0 = Release|Any CPU
		{A213C7D9-3E2E-4106-AE7D-484B3B01D751}.Debug|Any CPU.ActiveCfg = Debug|Any CPU
		{A213C7D9-3E2E-4106-AE7D-484B3B01D751}.Debug|Any CPU.Build.0 = Debug|Any CPU
		{A213C7D9-3E2E-4106-AE7D-484B3B01D751}.Release|Any CPU.ActiveCfg = Release|Any CPU
		{A213C7D9-3E2E-4106-AE7D-484B3B01D751}.Release|Any CPU.Build.0 = Release|Any CPU
		{55AED194-9D18-49A0-BFF2-4FE0B803A0E2}.Debug|Any CPU.ActiveCfg = Debug|Any CPU
		{55AED194-9D18-49A0-BFF2-4FE0B803A0E2}.Debug|Any CPU.Build.0 = Debug|Any CPU
		{55AED194-9D18-49A0-BFF2-4FE0B803A0E2}.Release|Any CPU.ActiveCfg = Release|Any CPU
		{55AED194-9D18-49A0-BFF2-4FE0B803A0E2}.Release|Any CPU.Build.0 = Release|Any CPU
		{E8401460-42A6-4C45-B03C-8AB616CB6765}.Debug|Any CPU.ActiveCfg = Debug|Any CPU
		{E8401460-42A6-4C45-B03C-8AB616CB6765}.Debug|Any CPU.Build.0 = Debug|Any CPU
		{E8401460-42A6-4C45-B03C-8AB616CB6765}.Release|Any CPU.ActiveCfg = Release|Any CPU
		{E8401460-42A6-4C45-B03C-8AB616CB6765}.Release|Any CPU.Build.0 = Release|Any CPU
		{6A87B9AA-5C08-4331-99D5-D274DF35666A}.Debug|Any CPU.ActiveCfg = Debug|Any CPU
		{6A87B9AA-5C08-4331-99D5-D274DF35666A}.Debug|Any CPU.Build.0 = Debug|Any CPU
		{6A87B9AA-5C08-4331-99D5-D274DF35666A}.Release|Any CPU.ActiveCfg = Release|Any CPU
		{6A87B9AA-5C08-4331-99D5-D274DF35666A}.Release|Any CPU.Build.0 = Release|Any CPU
		{9CFA3192-1447-47B4-8015-69731F95C80B}.Debug|Any CPU.ActiveCfg = Debug|Any CPU
		{9CFA3192-1447-47B4-8015-69731F95C80B}.Debug|Any CPU.Build.0 = Debug|Any CPU
		{9CFA3192-1447-47B4-8015-69731F95C80B}.Release|Any CPU.ActiveCfg = Release|Any CPU
		{9CFA3192-1447-47B4-8015-69731F95C80B}.Release|Any CPU.Build.0 = Release|Any CPU
		{1251B6CE-6D11-40CA-AF2A-F0734C8F7038}.Debug|Any CPU.ActiveCfg = Debug|Any CPU
		{1251B6CE-6D11-40CA-AF2A-F0734C8F7038}.Debug|Any CPU.Build.0 = Debug|Any CPU
		{1251B6CE-6D11-40CA-AF2A-F0734C8F7038}.Release|Any CPU.ActiveCfg = Release|Any CPU
		{1251B6CE-6D11-40CA-AF2A-F0734C8F7038}.Release|Any CPU.Build.0 = Release|Any CPU
		{D84D1622-BB87-4ADD-A1E2-19B4F3D09521}.Debug|Any CPU.ActiveCfg = Debug|Any CPU
		{D84D1622-BB87-4ADD-A1E2-19B4F3D09521}.Debug|Any CPU.Build.0 = Debug|Any CPU
		{D84D1622-BB87-4ADD-A1E2-19B4F3D09521}.Release|Any CPU.ActiveCfg = Release|Any CPU
		{D84D1622-BB87-4ADD-A1E2-19B4F3D09521}.Release|Any CPU.Build.0 = Release|Any CPU
		{E033ACDD-4127-460A-B8E6-48CD9AEB402C}.Debug|Any CPU.ActiveCfg = Debug|Any CPU
		{E033ACDD-4127-460A-B8E6-48CD9AEB402C}.Debug|Any CPU.Build.0 = Debug|Any CPU
		{E033ACDD-4127-460A-B8E6-48CD9AEB402C}.Release|Any CPU.ActiveCfg = Release|Any CPU
		{E033ACDD-4127-460A-B8E6-48CD9AEB402C}.Release|Any CPU.Build.0 = Release|Any CPU
		{9F993C66-E8FB-46B1-A1CD-DC5E29D07F93}.Debug|Any CPU.ActiveCfg = Debug|Any CPU
		{9F993C66-E8FB-46B1-A1CD-DC5E29D07F93}.Debug|Any CPU.Build.0 = Debug|Any CPU
		{9F993C66-E8FB-46B1-A1CD-DC5E29D07F93}.Release|Any CPU.ActiveCfg = Release|Any CPU
		{9F993C66-E8FB-46B1-A1CD-DC5E29D07F93}.Release|Any CPU.Build.0 = Release|Any CPU
		{70B74F56-00AF-4BAE-9C0A-07B894AF5C2B}.Debug|Any CPU.ActiveCfg = Debug|Any CPU
		{70B74F56-00AF-4BAE-9C0A-07B894AF5C2B}.Debug|Any CPU.Build.0 = Debug|Any CPU
		{70B74F56-00AF-4BAE-9C0A-07B894AF5C2B}.Release|Any CPU.ActiveCfg = Release|Any CPU
		{70B74F56-00AF-4BAE-9C0A-07B894AF5C2B}.Release|Any CPU.Build.0 = Release|Any CPU
		{B9AE2C1D-5A68-4EDD-A388-959B00DA8398}.Debug|Any CPU.ActiveCfg = Debug|Any CPU
		{B9AE2C1D-5A68-4EDD-A388-959B00DA8398}.Debug|Any CPU.Build.0 = Debug|Any CPU
		{B9AE2C1D-5A68-4EDD-A388-959B00DA8398}.Release|Any CPU.ActiveCfg = Release|Any CPU
		{B9AE2C1D-5A68-4EDD-A388-959B00DA8398}.Release|Any CPU.Build.0 = Release|Any CPU
		{1FDDA72E-1031-4978-8D57-EC4C813DF0AC}.Debug|Any CPU.ActiveCfg = Debug|Any CPU
		{1FDDA72E-1031-4978-8D57-EC4C813DF0AC}.Debug|Any CPU.Build.0 = Debug|Any CPU
		{1FDDA72E-1031-4978-8D57-EC4C813DF0AC}.Release|Any CPU.ActiveCfg = Release|Any CPU
		{1FDDA72E-1031-4978-8D57-EC4C813DF0AC}.Release|Any CPU.Build.0 = Release|Any CPU
		{C38EFC9D-6179-44D6-9C95-719CB9AE50AD}.Debug|Any CPU.ActiveCfg = Debug|Any CPU
		{C38EFC9D-6179-44D6-9C95-719CB9AE50AD}.Debug|Any CPU.Build.0 = Debug|Any CPU
		{C38EFC9D-6179-44D6-9C95-719CB9AE50AD}.Release|Any CPU.ActiveCfg = Release|Any CPU
		{C38EFC9D-6179-44D6-9C95-719CB9AE50AD}.Release|Any CPU.Build.0 = Release|Any CPU
		{C25CDDBD-4B2F-4E49-8E1D-F982E69C6502}.Debug|Any CPU.ActiveCfg = Debug|Any CPU
		{C25CDDBD-4B2F-4E49-8E1D-F982E69C6502}.Debug|Any CPU.Build.0 = Debug|Any CPU
		{C25CDDBD-4B2F-4E49-8E1D-F982E69C6502}.Release|Any CPU.ActiveCfg = Release|Any CPU
		{C25CDDBD-4B2F-4E49-8E1D-F982E69C6502}.Release|Any CPU.Build.0 = Release|Any CPU
		{43D1736E-A114-4667-875A-D8BEAEBC5206}.Debug|Any CPU.ActiveCfg = Debug|Any CPU
		{43D1736E-A114-4667-875A-D8BEAEBC5206}.Debug|Any CPU.Build.0 = Debug|Any CPU
		{43D1736E-A114-4667-875A-D8BEAEBC5206}.Release|Any CPU.ActiveCfg = Release|Any CPU
		{43D1736E-A114-4667-875A-D8BEAEBC5206}.Release|Any CPU.Build.0 = Release|Any CPU
		{2EAC11CE-2221-4BE8-BD10-EA29796A43DD}.Debug|Any CPU.ActiveCfg = Debug|Any CPU
		{2EAC11CE-2221-4BE8-BD10-EA29796A43DD}.Debug|Any CPU.Build.0 = Debug|Any CPU
		{2EAC11CE-2221-4BE8-BD10-EA29796A43DD}.Release|Any CPU.ActiveCfg = Release|Any CPU
		{2EAC11CE-2221-4BE8-BD10-EA29796A43DD}.Release|Any CPU.Build.0 = Release|Any CPU
	EndGlobalSection
	GlobalSection(NestedProjects) = preSolution
		{E3FF3F15-D210-4315-BBB5-75DF97E256C3} = {7D0D9974-0CA4-423E-892E-DF5C33F04A49}
		{DB1591B9-7E99-4B70-8C3A-1E4D0D8A5E93} = {7D0D9974-0CA4-423E-892E-DF5C33F04A49}
		{AD4E859A-84F5-4F3E-8C33-A88E976DB4BF} = {E3FF3F15-D210-4315-BBB5-75DF97E256C3}
		{DA60946D-A7D0-4C69-AD83-A43C61358948} = {DB1591B9-7E99-4B70-8C3A-1E4D0D8A5E93}
		{7A0511C1-B1EC-414B-B296-D405408FA81C} = {7D0D9974-0CA4-423E-892E-DF5C33F04A49}
		{E526F341-BE4F-4190-AD05-4C660C520D39} = {7A0511C1-B1EC-414B-B296-D405408FA81C}
		{B7B0C109-5EBC-4482-B98F-701A50CCFEE7} = {7A0511C1-B1EC-414B-B296-D405408FA81C}
		{D114D216-AFD9-4E32-B49F-7CB1C6F17B32} = {7A0511C1-B1EC-414B-B296-D405408FA81C}
		{227A19D8-68FE-41C6-808C-62C5E1EA5E5E} = {7A0511C1-B1EC-414B-B296-D405408FA81C}
		{C24B86BA-8452-4A39-B47F-FA9FD5FA58F4} = {7D0D9974-0CA4-423E-892E-DF5C33F04A49}
		{746D52AF-17BE-4823-96C4-C8BF308AE3AC} = {C24B86BA-8452-4A39-B47F-FA9FD5FA58F4}
		{CDD12C79-16A4-466A-89D5-20BBFB6FEDE3} = {C24B86BA-8452-4A39-B47F-FA9FD5FA58F4}
		{A83B8715-ED33-4B8B-BCC2-9DCCE456B858} = {7D0D9974-0CA4-423E-892E-DF5C33F04A49}
		{5B642B51-93E7-4EF7-9245-E7DD14A702A1} = {A83B8715-ED33-4B8B-BCC2-9DCCE456B858}
		{95C8F7B7-E41F-4CBA-8CAF-9DE8480EE809} = {A83B8715-ED33-4B8B-BCC2-9DCCE456B858}
		{56371E69-2242-4551-94EB-A1DE43BE9B5F} = {A83B8715-ED33-4B8B-BCC2-9DCCE456B858}
		{E2570929-3F6C-471B-AA76-93125B6AEF8F} = {A83B8715-ED33-4B8B-BCC2-9DCCE456B858}
		{249727AF-A029-430C-BE33-0CF88FDE5A92} = {A83B8715-ED33-4B8B-BCC2-9DCCE456B858}
		{83913D98-0F49-46E7-87FD-5AA06E3D2B63} = {A83B8715-ED33-4B8B-BCC2-9DCCE456B858}
		{9F2B7054-11C8-4F9A-8ABD-109C918D1442} = {7D0D9974-0CA4-423E-892E-DF5C33F04A49}
		{DDE891FD-11E2-45E6-AD0F-4775E7832078} = {9F2B7054-11C8-4F9A-8ABD-109C918D1442}
		{4C79EB0E-94E0-4E4F-A18F-4ACCBD752A41} = {9F2B7054-11C8-4F9A-8ABD-109C918D1442}
		{3FD39E7B-D5DE-4EF7-9FC6-8527C7F06FA6} = {7D0D9974-0CA4-423E-892E-DF5C33F04A49}
		{D7BA1866-98D8-461B-920E-33580E107543} = {3FD39E7B-D5DE-4EF7-9FC6-8527C7F06FA6}
		{94F89219-6EB2-4A24-A1CD-7FDD65A17DC3} = {7D0D9974-0CA4-423E-892E-DF5C33F04A49}
		{8E4D4097-EBA8-4493-B27A-1FBE91EB1275} = {94F89219-6EB2-4A24-A1CD-7FDD65A17DC3}
		{04543777-E3FF-4758-9D8A-DF5A2610BF94} = {7D0D9974-0CA4-423E-892E-DF5C33F04A49}
		{FDEA1BE9-22C4-4B57-90E5-2BE99BC52AD9} = {04543777-E3FF-4758-9D8A-DF5A2610BF94}
		{D363AF2B-9BD7-4772-9AB1-E6B817A66E46} = {7D0D9974-0CA4-423E-892E-DF5C33F04A49}
		{51123A3E-6A86-4154-B3EA-739B0CB77E11} = {7D0D9974-0CA4-423E-892E-DF5C33F04A49}
		{3F6F88E4-6852-46C5-89E1-2DAC9AA59C6E} = {7D0D9974-0CA4-423E-892E-DF5C33F04A49}
		{557DFFE2-5E34-4477-AD90-55BD236BF1F1} = {7D0D9974-0CA4-423E-892E-DF5C33F04A49}
		{984774A8-5D76-41F0-B67F-FF5687F75DB9} = {D363AF2B-9BD7-4772-9AB1-E6B817A66E46}
		{35089B74-B929-4950-9C2E-411C45AD9DE1} = {51123A3E-6A86-4154-B3EA-739B0CB77E11}
		{A213C7D9-3E2E-4106-AE7D-484B3B01D751} = {3F6F88E4-6852-46C5-89E1-2DAC9AA59C6E}
		{55AED194-9D18-49A0-BFF2-4FE0B803A0E2} = {557DFFE2-5E34-4477-AD90-55BD236BF1F1}
		{A914734C-EEBC-48EC-9229-3FBC1D430F01} = {7D0D9974-0CA4-423E-892E-DF5C33F04A49}
		{E8401460-42A6-4C45-B03C-8AB616CB6765} = {A914734C-EEBC-48EC-9229-3FBC1D430F01}
		{FC945E9E-A41E-4ADB-951E-9FA38E241C87} = {DED4AB74-526E-4D6B-824F-00A3A7D32AC1}
		{6A87B9AA-5C08-4331-99D5-D274DF35666A} = {FC945E9E-A41E-4ADB-951E-9FA38E241C87}
		{30EB47F3-9B01-4B68-ABDB-6A474FA29EF2} = {DED4AB74-526E-4D6B-824F-00A3A7D32AC1}
		{9CFA3192-1447-47B4-8015-69731F95C80B} = {30EB47F3-9B01-4B68-ABDB-6A474FA29EF2}
		{6FBC17B4-4E21-4A55-A11C-139B40E09F25} = {DED4AB74-526E-4D6B-824F-00A3A7D32AC1}
		{1251B6CE-6D11-40CA-AF2A-F0734C8F7038} = {6FBC17B4-4E21-4A55-A11C-139B40E09F25}
		{F451C476-3ED5-4A36-89BC-4635EA752657} = {DED4AB74-526E-4D6B-824F-00A3A7D32AC1}
		{D84D1622-BB87-4ADD-A1E2-19B4F3D09521} = {F451C476-3ED5-4A36-89BC-4635EA752657}
		{6F9DE3D4-1A4B-489C-9BDB-D7A13CE5D2A4} = {DED4AB74-526E-4D6B-824F-00A3A7D32AC1}
		{E033ACDD-4127-460A-B8E6-48CD9AEB402C} = {6F9DE3D4-1A4B-489C-9BDB-D7A13CE5D2A4}
		{9F993C66-E8FB-46B1-A1CD-DC5E29D07F93} = {6F9DE3D4-1A4B-489C-9BDB-D7A13CE5D2A4}
		{14C1D017-4873-4120-B20D-F67408C61796} = {DED4AB74-526E-4D6B-824F-00A3A7D32AC1}
		{70B74F56-00AF-4BAE-9C0A-07B894AF5C2B} = {14C1D017-4873-4120-B20D-F67408C61796}
		{A0590147-4660-4D71-BF5A-7B16BB6B2DBD} = {DED4AB74-526E-4D6B-824F-00A3A7D32AC1}
		{B9AE2C1D-5A68-4EDD-A388-959B00DA8398} = {A0590147-4660-4D71-BF5A-7B16BB6B2DBD}
		{A2CCCDFD-B176-4B74-8B76-4B174EDD80C9} = {DED4AB74-526E-4D6B-824F-00A3A7D32AC1}
		{1FDDA72E-1031-4978-8D57-EC4C813DF0AC} = {A2CCCDFD-B176-4B74-8B76-4B174EDD80C9}
		{8923A32C-462B-4835-A67F-04D7E0BCA13D} = {44C9829D-FD1C-4FCB-80AA-0F13333DB491}
		{C38EFC9D-6179-44D6-9C95-719CB9AE50AD} = {8923A32C-462B-4835-A67F-04D7E0BCA13D}
		{55E7CB50-88C8-470E-A55F-4328D16598BF} = {44C9829D-FD1C-4FCB-80AA-0F13333DB491}
		{C25CDDBD-4B2F-4E49-8E1D-F982E69C6502} = {55E7CB50-88C8-470E-A55F-4328D16598BF}
		{43D1736E-A114-4667-875A-D8BEAEBC5206} = {55E7CB50-88C8-470E-A55F-4328D16598BF}
		{8B89E026-D086-4474-95FC-8DA7979F3DDC} = {44C9829D-FD1C-4FCB-80AA-0F13333DB491}
		{2EAC11CE-2221-4BE8-BD10-EA29796A43DD} = {8B89E026-D086-4474-95FC-8DA7979F3DDC}
	EndGlobalSection
EndGlobal
